
Microsoft Visual Studio Solution File, Format Version 12.00
# Visual Studio Version 16
VisualStudioVersion = 16.0.29905.134
MinimumVisualStudioVersion = 10.0.40219.1
Project("{FAE04EC0-301F-11D3-BF4B-00C04F79EFBC}") = "SchoolDanceManageApp", "SchoolDanceManageApp\SchoolDanceManageApp.csproj", "{3B0FB51D-CA4A-4B30-BCC4-8C37E33CA4B6}"
EndProject
Global
	GlobalSection(SolutionConfigurationPlatforms) = preSolution
		Debug|Any CPU = Debug|Any CPU
		Release|Any CPU = Release|Any CPU
	EndGlobalSection
	GlobalSection(ProjectConfigurationPlatforms) = postSolution
		{3B0FB51D-CA4A-4B30-BCC4-8C37E33CA4B6}.Debug|Any CPU.ActiveCfg = Debug|Any CPU
		{3B0FB51D-CA4A-4B30-BCC4-8C37E33CA4B6}.Debug|Any CPU.Build.0 = Debug|Any CPU
		{3B0FB51D-CA4A-4B30-BCC4-8C37E33CA4B6}.Release|Any CPU.ActiveCfg = Release|Any CPU
		{3B0FB51D-CA4A-4B30-BCC4-8C37E33CA4B6}.Release|Any CPU.Build.0 = Release|Any CPU
	EndGlobalSection
	GlobalSection(SolutionProperties) = preSolution
		HideSolutionNode = FALSE
	EndGlobalSection
	GlobalSection(ExtensibilityGlobals) = postSolution
		SolutionGuid = {A967F92A-937F-4075-9904-3F703B36BEF7}
	EndGlobalSection
EndGlobal
