
Microsoft Visual Studio Solution File, Format Version 12.00
# Visual Studio Version 16
VisualStudioVersion = 16.0.29905.134
MinimumVisualStudioVersion = 10.0.40219.1
Project("{FAE04EC0-301F-11D3-BF4B-00C04F79EFBC}") = "9Laba", "9Laba.csproj", "{53175D3F-43B8-4974-9159-4BF45E76399A}"
EndProject
Global
	GlobalSection(SolutionConfigurationPlatforms) = preSolution
		Debug|Any CPU = Debug|Any CPU
		Release|Any CPU = Release|Any CPU
	EndGlobalSection
	GlobalSection(ProjectConfigurationPlatforms) = postSolution
		{53175D3F-43B8-4974-9159-4BF45E76399A}.Debug|Any CPU.ActiveCfg = Debug|Any CPU
		{53175D3F-43B8-4974-9159-4BF45E76399A}.Debug|Any CPU.Build.0 = Debug|Any CPU
		{53175D3F-43B8-4974-9159-4BF45E76399A}.Release|Any CPU.ActiveCfg = Release|Any CPU
		{53175D3F-43B8-4974-9159-4BF45E76399A}.Release|Any CPU.Build.0 = Release|Any CPU
	EndGlobalSection
	GlobalSection(SolutionProperties) = preSolution
		HideSolutionNode = FALSE
	EndGlobalSection
	GlobalSection(ExtensibilityGlobals) = postSolution
		SolutionGuid = {11A930DB-2992-45B5-BFCD-EA5B86D4D62C}
	EndGlobalSection
EndGlobal
